
Microsoft Visual Studio Solution File, Format Version 12.00
Project("{FAE04EC0-301F-11D3-BF4B-00C04F79EFBC}") = "Task1", "Task1\Task1.csproj", "{22532CFE-B13C-4D06-BE6B-06963D83867E}"
EndProject
Global
	GlobalSection(SolutionConfigurationPlatforms) = preSolution
		Debug|Any CPU = Debug|Any CPU
		Release|Any CPU = Release|Any CPU
	EndGlobalSection
	GlobalSection(ProjectConfigurationPlatforms) = postSolution
		{22532CFE-B13C-4D06-BE6B-06963D83867E}.Debug|Any CPU.ActiveCfg = Debug|Any CPU
		{22532CFE-B13C-4D06-BE6B-06963D83867E}.Debug|Any CPU.Build.0 = Debug|Any CPU
		{22532CFE-B13C-4D06-BE6B-06963D83867E}.Release|Any CPU.ActiveCfg = Release|Any CPU
		{22532CFE-B13C-4D06-BE6B-06963D83867E}.Release|Any CPU.Build.0 = Release|Any CPU
	EndGlobalSection
EndGlobal
